PODS:
  - Alamofire (4.8.2)
  - RxAlamofire (4.4.1):
    - RxAlamofire/Core (= 4.4.1)
  - RxAlamofire/Core (4.4.1):
    - Alamofire (~> 4.8)
    - RxSwift (~> 4.5)
  - RxCocoa (4.5.0):
    - RxSwift (>= 4.4.2, ~> 4.4)
  - RxSwift (4.5.0)
  - RxSwiftExt (3.4.0):
    - RxSwiftExt/Core (= 3.4.0)
    - RxSwiftExt/RxCocoa (= 3.4.0)
  - RxSwiftExt/Core (3.4.0):
    - RxSwift (~> 4.0)
  - RxSwiftExt/RxCocoa (3.4.0):
    - RxCocoa (~> 4.0)
    - RxSwiftExt/Core

DEPENDENCIES:
  - Alamofire
  - RxAlamofire
  - RxCocoa
  - RxSwift
  - RxSwiftExt

SPEC REPOS:
  https://github.com/cocoapods/specs.git:
    - Alamofire
    - RxAlamofire
    - RxCocoa
    - RxSwift
    - RxSwiftExt

SPEC CHECKSUMS:
  Alamofire: ae5c501addb7afdbb13687d7f2f722c78734c2d3
  RxAlamofire: ed65f451f5a9a59419b0b9e705043dc01410edd9
  RxCocoa: cbf70265dc65a981d4ac982e513c10cf23df24a0
  RxSwift: f172070dfd1a93d70a9ab97a5a01166206e1c575
  RxSwiftExt: 01f8ecbeeb355698e9c75365ebe908b00dacf45d

PODFILE CHECKSUM: cbe5f4ea3c1f9fb43316789a60ad18f8b23b80f2

COCOAPODS: 1.6.1
