// !$*UTF8*$!
{
	archiveVersion = 1;
	classes = {
	};
	objectVersion = 51;
	objects = {

/* Begin PBXBuildFile section */
		2E08412E22D33EC700EA0BA8 /* AppDelegate.swift in Sources */ = {isa = PBXBuildFile; fileRef = 2E08412D22D33EC700EA0BA8 /* AppDelegate.swift */; };
		2E08413022D33EC700EA0BA8 /* HomeVC.swift in Sources */ = {isa = PBXBuildFile; fileRef = 2E08412F22D33EC700EA0BA8 /* HomeVC.swift */; };
		2E08413322D33EC700EA0BA8 /* Main.storyboard in Resources */ = {isa = PBXBuildFile; fileRef = 2E08413122D33EC700EA0BA8 /* Main.storyboard */; };
		2E08413522D33EC900EA0BA8 /* Assets.xcassets in Resources */ = {isa = PBXBuildFile; fileRef = 2E08413422D33EC900EA0BA8 /* Assets.xcassets */; };
		2E08413822D33EC900EA0BA8 /* LaunchScreen.storyboard in Resources */ = {isa = PBXBuildFile; fileRef = 2E08413622D33EC900EA0BA8 /* LaunchScreen.storyboard */; };
		2E08414122D3462B00EA0BA8 /* HomeVM.swift in Sources */ = {isa = PBXBuildFile; fileRef = 2E08414022D3462B00EA0BA8 /* HomeVM.swift */; };
		2E08414322D346F200EA0BA8 /* MviVM.swift in Sources */ = {isa = PBXBuildFile; fileRef = 2E08414222D346F200EA0BA8 /* MviVM.swift */; };
		2E21919D22D5C285008A8CC9 /* HomeContract.swift in Sources */ = {isa = PBXBuildFile; fileRef = 2E21919C22D5C285008A8CC9 /* HomeContract.swift */; };
		2E2191A022D5CAA0008A8CC9 /* Book.swift in Sources */ = {isa = PBXBuildFile; fileRef = 2E21919F22D5CAA0008A8CC9 /* Book.swift */; };
		2E2191A222D5CB0F008A8CC9 /* BookRepository.swift in Sources */ = {isa = PBXBuildFile; fileRef = 2E2191A122D5CB0F008A8CC9 /* BookRepository.swift */; };
		2E2191A622D5CBAD008A8CC9 /* BookResponse.swift in Sources */ = {isa = PBXBuildFile; fileRef = 2E2191A522D5CBAD008A8CC9 /* BookResponse.swift */; };
		2E2191A822D5CBBE008A8CC9 /* BookApi.swift in Sources */ = {isa = PBXBuildFile; fileRef = 2E2191A722D5CBBE008A8CC9 /* BookApi.swift */; };
		4D8E632F91C827BFBD67FF43 /* BookRepositoryImpl.swift in Sources */ = {isa = PBXBuildFile; fileRef = 4D8E6E5D24463F0660D86982 /* BookRepositoryImpl.swift */; };
		4D8E6E7B40B2761DFFF077AB /* Mappers.swift in Sources */ = {isa = PBXBuildFile; fileRef = 4D8E612E7EB5DBE11FF36826 /* Mappers.swift */; };
		675CE7FA5D62E68E7D513EAD /* Pods_Search_Book.framework in Frameworks */ = {isa = PBXBuildFile; fileRef = EEFAC061C6D728BF0CE4D7A2 /* Pods_Search_Book.framework */; };
		8F0AC0AB2327E114009E5235 /* DetailContract.swift in Sources */ = {isa = PBXBuildFile; fileRef = 8F0AC0AA2327E114009E5235 /* DetailContract.swift */; };
		8F0AC0AD2327E4E5009E5235 /* DetailVM.swift in Sources */ = {isa = PBXBuildFile; fileRef = 8F0AC0AC2327E4E5009E5235 /* DetailVM.swift */; };
		8F0B89982329E73D00B7950B /* String+Extension.swift in Sources */ = {isa = PBXBuildFile; fileRef = 8F0B89972329E73D00B7950B /* String+Extension.swift */; };
		8F1892C42490A5CA00B11CC0 /* FavoritesCell.swift in Sources */ = {isa = PBXBuildFile; fileRef = 8F1892C32490A5CA00B11CC0 /* FavoritesCell.swift */; };
		8F257B9D232A6A3600DD8EEA /* FavoritesVC.swift in Sources */ = {isa = PBXBuildFile; fileRef = 8F257B9C232A6A3600DD8EEA /* FavoritesVC.swift */; };
		8F257B9F232A6DCD00DD8EEA /* FavoritesContract.swift in Sources */ = {isa = PBXBuildFile; fileRef = 8F257B9E232A6DCD00DD8EEA /* FavoritesContract.swift */; };
		8F3EDD5F232681E9000B356F /* ScopeFuncs.swift in Sources */ = {isa = PBXBuildFile; fileRef = 8F3EDD5E232681E9000B356F /* ScopeFuncs.swift */; };
		8F3EDD6123268249000B356F /* Colors.swift in Sources */ = {isa = PBXBuildFile; fileRef = 8F3EDD6023268249000B356F /* Colors.swift */; };
		8F3EDD632326857A000B356F /* FavoritedBooksRepository.swift in Sources */ = {isa = PBXBuildFile; fileRef = 8F3EDD622326857A000B356F /* FavoritedBooksRepository.swift */; };
		8F3EDD65232686AA000B356F /* FavoritedBooksRepositoryImpl.swift in Sources */ = {isa = PBXBuildFile; fileRef = 8F3EDD64232686AA000B356F /* FavoritedBooksRepositoryImpl.swift */; };
		8F48B1FC231EAB9D007F7CF3 /* HomeInteractorImpl.swift in Sources */ = {isa = PBXBuildFile; fileRef = 8F48B1FB231EAB9D007F7CF3 /* HomeInteractorImpl.swift */; };
		8F5D283D232546FA0050F748 /* AppError.swift in Sources */ = {isa = PBXBuildFile; fileRef = 8F5D283C232546FA0050F748 /* AppError.swift */; };
		8F749A0F232926A6001FBE0F /* DetailInteractorImpl.swift in Sources */ = {isa = PBXBuildFile; fileRef = 8F749A0E232926A6001FBE0F /* DetailInteractorImpl.swift */; };
		8F7640892326099600F20543 /* DetailVC.swift in Sources */ = {isa = PBXBuildFile; fileRef = 8F7640882326099600F20543 /* DetailVC.swift */; };
		8F8964DD248FCC2100023005 /* Result+Fold+Bimap.swift in Sources */ = {isa = PBXBuildFile; fileRef = 8F8964DC248FCC2100023005 /* Result+Fold+Bimap.swift */; };
		8F8964DF248FCCCC00023005 /* Observable+CatchError.swift in Sources */ = {isa = PBXBuildFile; fileRef = 8F8964DE248FCCCC00023005 /* Observable+CatchError.swift */; };
		8F8964E6248FF31E00023005 /* LoadingCell.swift in Sources */ = {isa = PBXBuildFile; fileRef = 8F8964E5248FF31E00023005 /* LoadingCell.swift */; };
		8F8964E8248FF35300023005 /* HomeErrorCell.swift in Sources */ = {isa = PBXBuildFile; fileRef = 8F8964E7248FF35300023005 /* HomeErrorCell.swift */; };
		8F8964EA248FF3AD00023005 /* HomeBookCell.swift in Sources */ = {isa = PBXBuildFile; fileRef = 8F8964E9248FF3AD00023005 /* HomeBookCell.swift */; };
		8FBF012A232CF578003F5AAF /* FavoritesInteractorImpl.swift in Sources */ = {isa = PBXBuildFile; fileRef = 8FBF0129232CF578003F5AAF /* FavoritesInteractorImpl.swift */; };
		8FBF012C232CF62C003F5AAF /* FavoritesVM.swift in Sources */ = {isa = PBXBuildFile; fileRef = 8FBF012B232CF62C003F5AAF /* FavoritesVM.swift */; };
		8FFD6E912319A1B000869B08 /* CachePolicy.swift in Sources */ = {isa = PBXBuildFile; fileRef = 8FFD6E902319A1B000869B08 /* CachePolicy.swift */; };
/* End PBXBuildFile section */

/* Begin PBXFileReference section */
		2E08412A22D33EC700EA0BA8 /* Search Book.app */ = {isa = PBXFileReference; explicitFileType = wrapper.application; includeInIndex = 0; path = "Search Book.app"; sourceTree = BUILT_PRODUCTS_DIR; };
		2E08412D22D33EC700EA0BA8 /* AppDelegate.swift */ = {isa = PBXFileReference; lastKnownFileType = sourcecode.swift; path = AppDelegate.swift; sourceTree = "<group>"; };
		2E08412F22D33EC700EA0BA8 /* HomeVC.swift */ = {isa = PBXFileReference; lastKnownFileType = sourcecode.swift; path = HomeVC.swift; sourceTree = "<group>"; };
		2E08413222D33EC700EA0BA8 /* Base */ = {isa = PBXFileReference; lastKnownFileType = file.storyboard; name = Base; path = Base.lproj/Main.storyboard; sourceTree = "<group>"; };
		2E08413422D33EC900EA0BA8 /* Assets.xcassets */ = {isa = PBXFileReference; lastKnownFileType = folder.assetcatalog; path = Assets.xcassets; sourceTree = "<group>"; };
		2E08413722D33EC900EA0BA8 /* Base */ = {isa = PBXFileReference; lastKnownFileType = file.storyboard; name = Base; path = Base.lproj/LaunchScreen.storyboard; sourceTree = "<group>"; };
		2E08413922D33EC900EA0BA8 /* Info.plist */ = {isa = PBXFileReference; lastKnownFileType = text.plist.xml; path = Info.plist; sourceTree = "<group>"; };
		2E08414022D3462B00EA0BA8 /* HomeVM.swift */ = {isa = PBXFileReference; lastKnownFileType = sourcecode.swift; path = HomeVM.swift; sourceTree = "<group>"; };
		2E08414222D346F200EA0BA8 /* MviVM.swift */ = {isa = PBXFileReference; lastKnownFileType = sourcecode.swift; path = MviVM.swift; sourceTree = "<group>"; };
		2E21919C22D5C285008A8CC9 /* HomeContract.swift */ = {isa = PBXFileReference; lastKnownFileType = sourcecode.swift; path = HomeContract.swift; sourceTree = "<group>"; };
		2E21919F22D5CAA0008A8CC9 /* Book.swift */ = {isa = PBXFileReference; lastKnownFileType = sourcecode.swift; path = Book.swift; sourceTree = "<group>"; };
		2E2191A122D5CB0F008A8CC9 /* BookRepository.swift */ = {isa = PBXFileReference; lastKnownFileType = sourcecode.swift; path = BookRepository.swift; sourceTree = "<group>"; };
		2E2191A522D5CBAD008A8CC9 /* BookResponse.swift */ = {isa = PBXFileReference; lastKnownFileType = sourcecode.swift; path = BookResponse.swift; sourceTree = "<group>"; };
		2E2191A722D5CBBE008A8CC9 /* BookApi.swift */ = {isa = PBXFileReference; lastKnownFileType = sourcecode.swift; path = BookApi.swift; sourceTree = "<group>"; };
		4D8E612E7EB5DBE11FF36826 /* Mappers.swift */ = {isa = PBXFileReference; fileEncoding = 4; lastKnownFileType = sourcecode.swift; path = Mappers.swift; sourceTree = "<group>"; };
		4D8E6E5D24463F0660D86982 /* BookRepositoryImpl.swift */ = {isa = PBXFileReference; fileEncoding = 4; lastKnownFileType = sourcecode.swift; path = BookRepositoryImpl.swift; sourceTree = "<group>"; };
		8F0AC0AA2327E114009E5235 /* DetailContract.swift */ = {isa = PBXFileReference; lastKnownFileType = sourcecode.swift; path = DetailContract.swift; sourceTree = "<group>"; };
		8F0AC0AC2327E4E5009E5235 /* DetailVM.swift */ = {isa = PBXFileReference; lastKnownFileType = sourcecode.swift; path = DetailVM.swift; sourceTree = "<group>"; };
		8F0B89972329E73D00B7950B /* String+Extension.swift */ = {isa = PBXFileReference; lastKnownFileType = sourcecode.swift; path = "String+Extension.swift"; sourceTree = "<group>"; };
		8F1892C32490A5CA00B11CC0 /* FavoritesCell.swift */ = {isa = PBXFileReference; lastKnownFileType = sourcecode.swift; path = FavoritesCell.swift; sourceTree = "<group>"; };
		8F257B9C232A6A3600DD8EEA /* FavoritesVC.swift */ = {isa = PBXFileReference; lastKnownFileType = sourcecode.swift; path = FavoritesVC.swift; sourceTree = "<group>"; };
		8F257B9E232A6DCD00DD8EEA /* FavoritesContract.swift */ = {isa = PBXFileReference; lastKnownFileType = sourcecode.swift; path = FavoritesContract.swift; sourceTree = "<group>"; };
		8F3EDD5E232681E9000B356F /* ScopeFuncs.swift */ = {isa = PBXFileReference; lastKnownFileType = sourcecode.swift; path = ScopeFuncs.swift; sourceTree = "<group>"; };
		8F3EDD6023268249000B356F /* Colors.swift */ = {isa = PBXFileReference; lastKnownFileType = sourcecode.swift; path = Colors.swift; sourceTree = "<group>"; };
		8F3EDD622326857A000B356F /* FavoritedBooksRepository.swift */ = {isa = PBXFileReference; lastKnownFileType = sourcecode.swift; path = FavoritedBooksRepository.swift; sourceTree = "<group>"; };
		8F3EDD64232686AA000B356F /* FavoritedBooksRepositoryImpl.swift */ = {isa = PBXFileReference; lastKnownFileType = sourcecode.swift; path = FavoritedBooksRepositoryImpl.swift; sourceTree = "<group>"; };
		8F48B1FB231EAB9D007F7CF3 /* HomeInteractorImpl.swift */ = {isa = PBXFileReference; lastKnownFileType = sourcecode.swift; path = HomeInteractorImpl.swift; sourceTree = "<group>"; };
		8F5D283C232546FA0050F748 /* AppError.swift */ = {isa = PBXFileReference; lastKnownFileType = sourcecode.swift; path = AppError.swift; sourceTree = "<group>"; };
		8F749A0E232926A6001FBE0F /* DetailInteractorImpl.swift */ = {isa = PBXFileReference; lastKnownFileType = sourcecode.swift; path = DetailInteractorImpl.swift; sourceTree = "<group>"; };
		8F7640882326099600F20543 /* DetailVC.swift */ = {isa = PBXFileReference; lastKnownFileType = sourcecode.swift; path = DetailVC.swift; sourceTree = "<group>"; };
		8F8964DC248FCC2100023005 /* Result+Fold+Bimap.swift */ = {isa = PBXFileReference; lastKnownFileType = sourcecode.swift; path = "Result+Fold+Bimap.swift"; sourceTree = "<group>"; };
		8F8964DE248FCCCC00023005 /* Observable+CatchError.swift */ = {isa = PBXFileReference; lastKnownFileType = sourcecode.swift; path = "Observable+CatchError.swift"; sourceTree = "<group>"; };
		8F8964E5248FF31E00023005 /* LoadingCell.swift */ = {isa = PBXFileReference; lastKnownFileType = sourcecode.swift; path = LoadingCell.swift; sourceTree = "<group>"; };
		8F8964E7248FF35300023005 /* HomeErrorCell.swift */ = {isa = PBXFileReference; lastKnownFileType = sourcecode.swift; path = HomeErrorCell.swift; sourceTree = "<group>"; };
		8F8964E9248FF3AD00023005 /* HomeBookCell.swift */ = {isa = PBXFileReference; lastKnownFileType = sourcecode.swift; path = HomeBookCell.swift; sourceTree = "<group>"; };
		8FBF0129232CF578003F5AAF /* FavoritesInteractorImpl.swift */ = {isa = PBXFileReference; lastKnownFileType = sourcecode.swift; path = FavoritesInteractorImpl.swift; sourceTree = "<group>"; };
		8FBF012B232CF62C003F5AAF /* FavoritesVM.swift */ = {isa = PBXFileReference; lastKnownFileType = sourcecode.swift; path = FavoritesVM.swift; sourceTree = "<group>"; };
		8FFD6E902319A1B000869B08 /* CachePolicy.swift */ = {isa = PBXFileReference; lastKnownFileType = sourcecode.swift; path = CachePolicy.swift; sourceTree = "<group>"; };
		B8113D07296599F7523F5373 /* Pods-Search Book.debug.xcconfig */ = {isa = PBXFileReference; includeInIndex = 1; lastKnownFileType = text.xcconfig; name = "Pods-Search Book.debug.xcconfig"; path = "Target Support Files/Pods-Search Book/Pods-Search Book.debug.xcconfig"; sourceTree = "<group>"; };
		EAC39FE3DA2D093514D8B78D /* Pods-Search Book.release.xcconfig */ = {isa = PBXFileReference; includeInIndex = 1; lastKnownFileType = text.xcconfig; name = "Pods-Search Book.release.xcconfig"; path = "Target Support Files/Pods-Search Book/Pods-Search Book.release.xcconfig"; sourceTree = "<group>"; };
		EEFAC061C6D728BF0CE4D7A2 /* Pods_Search_Book.framework */ = {isa = PBXFileReference; explicitFileType = wrapper.framework; includeInIndex = 0; path = Pods_Search_Book.framework; sourceTree = BUILT_PRODUCTS_DIR; };
/* End PBXFileReference section */

/* Begin PBXFrameworksBuildPhase section */
		2E08412722D33EC700EA0BA8 /* Frameworks */ = {
			isa = PBXFrameworksBuildPhase;
			buildActionMask = 2147483647;
			files = (
				675CE7FA5D62E68E7D513EAD /* Pods_Search_Book.framework in Frameworks */,
			);
			runOnlyForDeploymentPostprocessing = 0;
		};
/* End PBXFrameworksBuildPhase section */

/* Begin PBXGroup section */
		2E08412122D33EC600EA0BA8 = {
			isa = PBXGroup;
			children = (
				2E08412C22D33EC700EA0BA8 /* Search Book */,
				2E08412B22D33EC700EA0BA8 /* Products */,
				AFAA617D5E66F9C422B7D4A6 /* Pods */,
				7B2EFCB36D0AF4A5D1AB4477 /* Frameworks */,
			);
			sourceTree = "<group>";
		};
		2E08412B22D33EC700EA0BA8 /* Products */ = {
			isa = PBXGroup;
			children = (
				2E08412A22D33EC700EA0BA8 /* Search Book.app */,
			);
			name = Products;
			sourceTree = "<group>";
		};
		2E08412C22D33EC700EA0BA8 /* Search Book */ = {
			isa = PBXGroup;
			children = (
				8F3EDD5D232681D7000B356F /* Util */,
				8F5D283E2325546B0050F748 /* UI */,
				8FFD6E8F2319958F00869B08 /* Base */,
				2E2191A322D5CB92008A8CC9 /* Data */,
				2E21919E22D5C82E008A8CC9 /* Domain */,
				2E08412D22D33EC700EA0BA8 /* AppDelegate.swift */,
				2E08413122D33EC700EA0BA8 /* Main.storyboard */,
				2E08413422D33EC900EA0BA8 /* Assets.xcassets */,
				2E08413622D33EC900EA0BA8 /* LaunchScreen.storyboard */,
				2E08413922D33EC900EA0BA8 /* Info.plist */,
			);
			path = "Search Book";
			sourceTree = "<group>";
		};
		2E08413F22D3452C00EA0BA8 /* Home */ = {
			isa = PBXGroup;
			children = (
				8F8964E4248FF30F00023005 /* Cells */,
				2E08412F22D33EC700EA0BA8 /* HomeVC.swift */,
				2E08414022D3462B00EA0BA8 /* HomeVM.swift */,
				2E21919C22D5C285008A8CC9 /* HomeContract.swift */,
				8F48B1FB231EAB9D007F7CF3 /* HomeInteractorImpl.swift */,
			);
			path = Home;
			sourceTree = "<group>";
		};
		2E21919E22D5C82E008A8CC9 /* Domain */ = {
			isa = PBXGroup;
			children = (
				8F8964E3248FE2BB00023005 /* Repo */,
				8F8964E2248FE2B100023005 /* New Group */,
			);
			path = Domain;
			sourceTree = "<group>";
		};
		2E2191A322D5CB92008A8CC9 /* Data */ = {
			isa = PBXGroup;
			children = (
				2E2191A422D5CB9A008A8CC9 /* Remote */,
				4D8E6E5D24463F0660D86982 /* BookRepositoryImpl.swift */,
				4D8E612E7EB5DBE11FF36826 /* Mappers.swift */,
				8F3EDD64232686AA000B356F /* FavoritedBooksRepositoryImpl.swift */,
			);
			path = Data;
			sourceTree = "<group>";
		};
		2E2191A422D5CB9A008A8CC9 /* Remote */ = {
			isa = PBXGroup;
			children = (
				2E2191A522D5CBAD008A8CC9 /* BookResponse.swift */,
				2E2191A722D5CBBE008A8CC9 /* BookApi.swift */,
			);
			path = Remote;
			sourceTree = "<group>";
		};
		7B2EFCB36D0AF4A5D1AB4477 /* Frameworks */ = {
			isa = PBXGroup;
			children = (
				EEFAC061C6D728BF0CE4D7A2 /* Pods_Search_Book.framework */,
			);
			name = Frameworks;
			sourceTree = "<group>";
		};
		8F257B9B232A6A0900DD8EEA /* Favorites */ = {
			isa = PBXGroup;
			children = (
				8F257B9C232A6A3600DD8EEA /* FavoritesVC.swift */,
				8F257B9E232A6DCD00DD8EEA /* FavoritesContract.swift */,
				8FBF0129232CF578003F5AAF /* FavoritesInteractorImpl.swift */,
				8FBF012B232CF62C003F5AAF /* FavoritesVM.swift */,
				8F1892C32490A5CA00B11CC0 /* FavoritesCell.swift */,
			);
			path = Favorites;
			sourceTree = "<group>";
		};
		8F3EDD5D232681D7000B356F /* Util */ = {
			isa = PBXGroup;
			children = (
				8F3EDD5E232681E9000B356F /* ScopeFuncs.swift */,
				8F3EDD6023268249000B356F /* Colors.swift */,
				8F0B89972329E73D00B7950B /* String+Extension.swift */,
				8F8964DC248FCC2100023005 /* Result+Fold+Bimap.swift */,
				8F8964DE248FCCCC00023005 /* Observable+CatchError.swift */,
			);
			path = Util;
			sourceTree = "<group>";
		};
		8F5D283E2325546B0050F748 /* UI */ = {
			isa = PBXGroup;
			children = (
				8F257B9B232A6A0900DD8EEA /* Favorites */,
				8F7640872326097900F20543 /* Detail */,
				2E08413F22D3452C00EA0BA8 /* Home */,
			);
			path = UI;
			sourceTree = "<group>";
		};
		8F7640872326097900F20543 /* Detail */ = {
			isa = PBXGroup;
			children = (
				8F7640882326099600F20543 /* DetailVC.swift */,
				8F0AC0AA2327E114009E5235 /* DetailContract.swift */,
				8F0AC0AC2327E4E5009E5235 /* DetailVM.swift */,
				8F749A0E232926A6001FBE0F /* DetailInteractorImpl.swift */,
			);
			path = Detail;
			sourceTree = "<group>";
		};
		8F8964E2248FE2B100023005 /* New Group */ = {
			isa = PBXGroup;
			children = (
				8FFD6E902319A1B000869B08 /* CachePolicy.swift */,
				8F5D283C232546FA0050F748 /* AppError.swift */,
				2E21919F22D5CAA0008A8CC9 /* Book.swift */,
			);
			path = "New Group";
			sourceTree = "<group>";
		};
		8F8964E3248FE2BB00023005 /* Repo */ = {
			isa = PBXGroup;
			children = (
				8F3EDD622326857A000B356F /* FavoritedBooksRepository.swift */,
				2E2191A122D5CB0F008A8CC9 /* BookRepository.swift */,
			);
			path = Repo;
			sourceTree = "<group>";
		};
		8F8964E4248FF30F00023005 /* Cells */ = {
			isa = PBXGroup;
			children = (
				8F8964E5248FF31E00023005 /* LoadingCell.swift */,
				8F8964E7248FF35300023005 /* HomeErrorCell.swift */,
				8F8964E9248FF3AD00023005 /* HomeBookCell.swift */,
			);
			path = Cells;
			sourceTree = "<group>";
		};
		8FFD6E8F2319958F00869B08 /* Base */ = {
			isa = PBXGroup;
			children = (
				2E08414222D346F200EA0BA8 /* MviVM.swift */,
			);
			path = Base;
			sourceTree = "<group>";
		};
		AFAA617D5E66F9C422B7D4A6 /* Pods */ = {
			isa = PBXGroup;
			children = (
				B8113D07296599F7523F5373 /* Pods-Search Book.debug.xcconfig */,
				EAC39FE3DA2D093514D8B78D /* Pods-Search Book.release.xcconfig */,
			);
			path = Pods;
			sourceTree = "<group>";
		};
/* End PBXGroup section */

/* Begin PBXNativeTarget section */
		2E08412922D33EC700EA0BA8 /* Search Book */ = {
			isa = PBXNativeTarget;
			buildConfigurationList = 2E08413C22D33EC900EA0BA8 /* Build configuration list for PBXNativeTarget "Search Book" */;
			buildPhases = (
				21FC750C3DFEE3CD4E04FFDC /* [CP] Check Pods Manifest.lock */,
				2E08412622D33EC700EA0BA8 /* Sources */,
				2E08412722D33EC700EA0BA8 /* Frameworks */,
				2E08412822D33EC700EA0BA8 /* Resources */,
				B2BA64DE6E6EB8FAC6F1EA16 /* [CP] Embed Pods Frameworks */,
			);
			buildRules = (
			);
			dependencies = (
			);
			name = "Search Book";
			productName = "Search Book";
			productReference = 2E08412A22D33EC700EA0BA8 /* Search Book.app */;
			productType = "com.apple.product-type.application";
		};
/* End PBXNativeTarget section */

/* Begin PBXProject section */
		2E08412222D33EC600EA0BA8 /* Project object */ = {
			isa = PBXProject;
			attributes = {
				LastSwiftUpdateCheck = 1000;
				LastUpgradeCheck = 1000;
				ORGANIZATIONNAME = "Petrus Nguyễn Thái Học";
				TargetAttributes = {
					2E08412922D33EC700EA0BA8 = {
						CreatedOnToolsVersion = 10.0;
					};
				};
			};
			buildConfigurationList = 2E08412522D33EC600EA0BA8 /* Build configuration list for PBXProject "Search Book" */;
			compatibilityVersion = "Xcode 9.3";
			developmentRegion = en;
			hasScannedForEncodings = 0;
			knownRegions = (
				en,
				Base,
			);
			mainGroup = 2E08412122D33EC600EA0BA8;
			productRefGroup = 2E08412B22D33EC700EA0BA8 /* Products */;
			projectDirPath = "";
			projectRoot = "";
			targets = (
				2E08412922D33EC700EA0BA8 /* Search Book */,
			);
		};
/* End PBXProject section */

/* Begin PBXResourcesBuildPhase section */
		2E08412822D33EC700EA0BA8 /* Resources */ = {
			isa = PBXResourcesBuildPhase;
			buildActionMask = 2147483647;
			files = (
				2E08413822D33EC900EA0BA8 /* LaunchScreen.storyboard in Resources */,
				2E08413522D33EC900EA0BA8 /* Assets.xcassets in Resources */,
				2E08413322D33EC700EA0BA8 /* Main.storyboard in Resources */,
			);
			runOnlyForDeploymentPostprocessing = 0;
		};
/* End PBXResourcesBuildPhase section */

/* Begin PBXShellScriptBuildPhase section */
		21FC750C3DFEE3CD4E04FFDC /* [CP] Check Pods Manifest.lock */ = {
			isa = PBXShellScriptBuildPhase;
			buildActionMask = 2147483647;
			files = (
			);
			inputFileListPaths = (
			);
			inputPaths = (
				"${PODS_PODFILE_DIR_PATH}/Podfile.lock",
				"${PODS_ROOT}/Manifest.lock",
			);
			name = "[CP] Check Pods Manifest.lock";
			outputFileListPaths = (
			);
			outputPaths = (
				"$(DERIVED_FILE_DIR)/Pods-Search Book-checkManifestLockResult.txt",
			);
			runOnlyForDeploymentPostprocessing = 0;
			shellPath = /bin/sh;
			shellScript = "diff \"${PODS_PODFILE_DIR_PATH}/Podfile.lock\" \"${PODS_ROOT}/Manifest.lock\" > /dev/null\nif [ $? != 0 ] ; then\n    # print error to STDERR\n    echo \"error: The sandbox is not in sync with the Podfile.lock. Run 'pod install' or update your CocoaPods installation.\" >&2\n    exit 1\nfi\n# This output is used by Xcode 'outputs' to avoid re-running this script phase.\necho \"SUCCESS\" > \"${SCRIPT_OUTPUT_FILE_0}\"\n";
			showEnvVarsInLog = 0;
		};
		B2BA64DE6E6EB8FAC6F1EA16 /* [CP] Embed Pods Frameworks */ = {
			isa = PBXShellScriptBuildPhase;
			buildActionMask = 2147483647;
			files = (
			);
			inputFileListPaths = (
				"${PODS_ROOT}/Target Support Files/Pods-Search Book/Pods-Search Book-frameworks-${CONFIGURATION}-input-files.xcfilelist",
			);
			name = "[CP] Embed Pods Frameworks";
			outputFileListPaths = (
				"${PODS_ROOT}/Target Support Files/Pods-Search Book/Pods-Search Book-frameworks-${CONFIGURATION}-output-files.xcfilelist",
			);
			runOnlyForDeploymentPostprocessing = 0;
			shellPath = /bin/sh;
			shellScript = "\"${PODS_ROOT}/Target Support Files/Pods-Search Book/Pods-Search Book-frameworks.sh\"\n";
			showEnvVarsInLog = 0;
		};
/* End PBXShellScriptBuildPhase section */

/* Begin PBXSourcesBuildPhase section */
		2E08412622D33EC700EA0BA8 /* Sources */ = {
			isa = PBXSourcesBuildPhase;
			buildActionMask = 2147483647;
			files = (
				8F0AC0AB2327E114009E5235 /* DetailContract.swift in Sources */,
				8F8964EA248FF3AD00023005 /* HomeBookCell.swift in Sources */,
				8F8964E8248FF35300023005 /* HomeErrorCell.swift in Sources */,
				2E08414122D3462B00EA0BA8 /* HomeVM.swift in Sources */,
				2E08414322D346F200EA0BA8 /* MviVM.swift in Sources */,
				2E2191A022D5CAA0008A8CC9 /* Book.swift in Sources */,
				8F3EDD6123268249000B356F /* Colors.swift in Sources */,
				8F8964DD248FCC2100023005 /* Result+Fold+Bimap.swift in Sources */,
				2E21919D22D5C285008A8CC9 /* HomeContract.swift in Sources */,
				8F3EDD5F232681E9000B356F /* ScopeFuncs.swift in Sources */,
				8FBF012C232CF62C003F5AAF /* FavoritesVM.swift in Sources */,
				8F3EDD65232686AA000B356F /* FavoritedBooksRepositoryImpl.swift in Sources */,
				8F8964DF248FCCCC00023005 /* Observable+CatchError.swift in Sources */,
				8F257B9D232A6A3600DD8EEA /* FavoritesVC.swift in Sources */,
				2E08413022D33EC700EA0BA8 /* HomeVC.swift in Sources */,
				8F7640892326099600F20543 /* DetailVC.swift in Sources */,
				8F0AC0AD2327E4E5009E5235 /* DetailVM.swift in Sources */,
				8F257B9F232A6DCD00DD8EEA /* FavoritesContract.swift in Sources */,
				8F749A0F232926A6001FBE0F /* DetailInteractorImpl.swift in Sources */,
				8F0B89982329E73D00B7950B /* String+Extension.swift in Sources */,
				2E2191A222D5CB0F008A8CC9 /* BookRepository.swift in Sources */,
				8F3EDD632326857A000B356F /* FavoritedBooksRepository.swift in Sources */,
				2E08412E22D33EC700EA0BA8 /* AppDelegate.swift in Sources */,
				2E2191A622D5CBAD008A8CC9 /* BookResponse.swift in Sources */,
				8FFD6E912319A1B000869B08 /* CachePolicy.swift in Sources */,
				2E2191A822D5CBBE008A8CC9 /* BookApi.swift in Sources */,
				8F8964E6248FF31E00023005 /* LoadingCell.swift in Sources */,
				8F48B1FC231EAB9D007F7CF3 /* HomeInteractorImpl.swift in Sources */,
				4D8E632F91C827BFBD67FF43 /* BookRepositoryImpl.swift in Sources */,
				8F5D283D232546FA0050F748 /* AppError.swift in Sources */,
				8FBF012A232CF578003F5AAF /* FavoritesInteractorImpl.swift in Sources */,
				4D8E6E7B40B2761DFFF077AB /* Mappers.swift in Sources */,
				8F1892C42490A5CA00B11CC0 /* FavoritesCell.swift in Sources */,
			);
			runOnlyForDeploymentPostprocessing = 0;
		};
/* End PBXSourcesBuildPhase section */

/* Begin PBXVariantGroup section */
		2E08413122D33EC700EA0BA8 /* Main.storyboard */ = {
			isa = PBXVariantGroup;
			children = (
				2E08413222D33EC700EA0BA8 /* Base */,
			);
			name = Main.storyboard;
			sourceTree = "<group>";
		};
		2E08413622D33EC900EA0BA8 /* LaunchScreen.storyboard */ = {
			isa = PBXVariantGroup;
			children = (
				2E08413722D33EC900EA0BA8 /* Base */,
			);
			name = LaunchScreen.storyboard;
			sourceTree = "<group>";
		};
/* End PBXVariantGroup section */

/* Begin XCBuildConfiguration section */
		2E08413A22D33EC900EA0BA8 /* Debug */ = {
			isa = XCBuildConfiguration;
			buildSettings = {
				ALWAYS_SEARCH_USER_PATHS = NO;
				CLANG_ANALYZER_NONNULL = YES;
				CLANG_ANALYZER_NUMBER_OBJECT_CONVERSION = YES_AGGRESSIVE;
				CLANG_CXX_LANGUAGE_STANDARD = "gnu++14";
				CLANG_CXX_LIBRARY = "libc++";
				CLANG_ENABLE_MODULES = YES;
				CLANG_ENABLE_OBJC_ARC = YES;
				CLANG_ENABLE_OBJC_WEAK = YES;
				CLANG_WARN_BLOCK_CAPTURE_AUTORELEASING = YES;
				CLANG_WARN_BOOL_CONVERSION = YES;
				CLANG_WARN_COMMA = YES;
				CLANG_WARN_CONSTANT_CONVERSION = YES;
				CLANG_WARN_DEPRECATED_OBJC_IMPLEMENTATIONS = YES;
				CLANG_WARN_DIRECT_OBJC_ISA_USAGE = YES_ERROR;
				CLANG_WARN_DOCUMENTATION_COMMENTS = YES;
				CLANG_WARN_EMPTY_BODY = YES;
				CLANG_WARN_ENUM_CONVERSION = YES;
				CLANG_WARN_INFINITE_RECURSION = YES;
				CLANG_WARN_INT_CONVERSION = YES;
				CLANG_WARN_NON_LITERAL_NULL_CONVERSION = YES;
				CLANG_WARN_OBJC_IMPLICIT_RETAIN_SELF = YES;
				CLANG_WARN_OBJC_LITERAL_CONVERSION = YES;
				CLANG_WARN_OBJC_ROOT_CLASS = YES_ERROR;
				CLANG_WARN_RANGE_LOOP_ANALYSIS = YES;
				CLANG_WARN_STRICT_PROTOTYPES = YES;
				CLANG_WARN_SUSPICIOUS_MOVE = YES;
				CLANG_WARN_UNGUARDED_AVAILABILITY = YES_AGGRESSIVE;
				CLANG_WARN_UNREACHABLE_CODE = YES;
				CLANG_WARN__DUPLICATE_METHOD_MATCH = YES;
				CODE_SIGN_IDENTITY = "iPhone Developer";
				COPY_PHASE_STRIP = NO;
				DEBUG_INFORMATION_FORMAT = dwarf;
				ENABLE_STRICT_OBJC_MSGSEND = YES;
				ENABLE_TESTABILITY = YES;
				GCC_C_LANGUAGE_STANDARD = gnu11;
				GCC_DYNAMIC_NO_PIC = NO;
				GCC_NO_COMMON_BLOCKS = YES;
				GCC_OPTIMIZATION_LEVEL = 0;
				GCC_PREPROCESSOR_DEFINITIONS = (
					"DEBUG=1",
					"$(inherited)",
				);
				GCC_WARN_64_TO_32_BIT_CONVERSION = YES;
				GCC_WARN_ABOUT_RETURN_TYPE = YES_ERROR;
				GCC_WARN_UNDECLARED_SELECTOR = YES;
				GCC_WARN_UNINITIALIZED_AUTOS = YES_AGGRESSIVE;
				GCC_WARN_UNUSED_FUNCTION = YES;
				GCC_WARN_UNUSED_VARIABLE = YES;
				IPHONEOS_DEPLOYMENT_TARGET = 12.0;
				MTL_ENABLE_DEBUG_INFO = INCLUDE_SOURCE;
				MTL_FAST_MATH = YES;
				ONLY_ACTIVE_ARCH = YES;
				SDKROOT = iphoneos;
				SWIFT_ACTIVE_COMPILATION_CONDITIONS = DEBUG;
				SWIFT_OPTIMIZATION_LEVEL = "-Onone";
			};
			name = Debug;
		};
		2E08413B22D33EC900EA0BA8 /* Release */ = {
			isa = XCBuildConfiguration;
			buildSettings = {
				ALWAYS_SEARCH_USER_PATHS = NO;
				CLANG_ANALYZER_NONNULL = YES;
				CLANG_ANALYZER_NUMBER_OBJECT_CONVERSION = YES_AGGRESSIVE;
				CLANG_CXX_LANGUAGE_STANDARD = "gnu++14";
				CLANG_CXX_LIBRARY = "libc++";
				CLANG_ENABLE_MODULES = YES;
				CLANG_ENABLE_OBJC_ARC = YES;
				CLANG_ENABLE_OBJC_WEAK = YES;
				CLANG_WARN_BLOCK_CAPTURE_AUTORELEASING = YES;
				CLANG_WARN_BOOL_CONVERSION = YES;
				CLANG_WARN_COMMA = YES;
				CLANG_WARN_CONSTANT_CONVERSION = YES;
				CLANG_WARN_DEPRECATED_OBJC_IMPLEMENTATIONS = YES;
				CLANG_WARN_DIRECT_OBJC_ISA_USAGE = YES_ERROR;
				CLANG_WARN_DOCUMENTATION_COMMENTS = YES;
				CLANG_WARN_EMPTY_BODY = YES;
				CLANG_WARN_ENUM_CONVERSION = YES;
				CLANG_WARN_INFINITE_RECURSION = YES;
				CLANG_WARN_INT_CONVERSION = YES;
				CLANG_WARN_NON_LITERAL_NULL_CONVERSION = YES;
				CLANG_WARN_OBJC_IMPLICIT_RETAIN_SELF = YES;
				CLANG_WARN_OBJC_LITERAL_CONVERSION = YES;
				CLANG_WARN_OBJC_ROOT_CLASS = YES_ERROR;
				CLANG_WARN_RANGE_LOOP_ANALYSIS = YES;
				CLANG_WARN_STRICT_PROTOTYPES = YES;
				CLANG_WARN_SUSPICIOUS_MOVE = YES;
				CLANG_WARN_UNGUARDED_AVAILABILITY = YES_AGGRESSIVE;
				CLANG_WARN_UNREACHABLE_CODE = YES;
				CLANG_WARN__DUPLICATE_METHOD_MATCH = YES;
				CODE_SIGN_IDENTITY = "iPhone Developer";
				COPY_PHASE_STRIP = NO;
				DEBUG_INFORMATION_FORMAT = "dwarf-with-dsym";
				ENABLE_NS_ASSERTIONS = NO;
				ENABLE_STRICT_OBJC_MSGSEND = YES;
				GCC_C_LANGUAGE_STANDARD = gnu11;
				GCC_NO_COMMON_BLOCKS = YES;
				GCC_WARN_64_TO_32_BIT_CONVERSION = YES;
				GCC_WARN_ABOUT_RETURN_TYPE = YES_ERROR;
				GCC_WARN_UNDECLARED_SELECTOR = YES;
				GCC_WARN_UNINITIALIZED_AUTOS = YES_AGGRESSIVE;
				GCC_WARN_UNUSED_FUNCTION = YES;
				GCC_WARN_UNUSED_VARIABLE = YES;
				IPHONEOS_DEPLOYMENT_TARGET = 12.0;
				MTL_ENABLE_DEBUG_INFO = NO;
				MTL_FAST_MATH = YES;
				SDKROOT = iphoneos;
				SWIFT_COMPILATION_MODE = wholemodule;
				SWIFT_OPTIMIZATION_LEVEL = "-O";
				VALIDATE_PRODUCT = YES;
			};
			name = Release;
		};
		2E08413D22D33EC900EA0BA8 /* Debug */ = {
			isa = XCBuildConfiguration;
			baseConfigurationReference = B8113D07296599F7523F5373 /* Pods-Search Book.debug.xcconfig */;
			buildSettings = {
				ASSETCATALOG_COMPILER_APPICON_NAME = AppIcon;
				CODE_SIGN_STYLE = Automatic;
				INFOPLIST_FILE = "Search Book/Info.plist";
				LD_RUNPATH_SEARCH_PATHS = (
					"$(inherited)",
					"@executable_path/Frameworks",
				);
				PRODUCT_BUNDLE_IDENTIFIER = "com.hoc.Search-Book";
				PRODUCT_NAME = "$(TARGET_NAME)";
				SWIFT_VERSION = 5.0;
				TARGETED_DEVICE_FAMILY = "1,2";
			};
			name = Debug;
		};
		2E08413E22D33EC900EA0BA8 /* Release */ = {
			isa = XCBuildConfiguration;
			baseConfigurationReference = EAC39FE3DA2D093514D8B78D /* Pods-Search Book.release.xcconfig */;
			buildSettings = {
				ASSETCATALOG_COMPILER_APPICON_NAME = AppIcon;
				CODE_SIGN_STYLE = Automatic;
				INFOPLIST_FILE = "Search Book/Info.plist";
				LD_RUNPATH_SEARCH_PATHS = (
					"$(inherited)",
					"@executable_path/Frameworks",
				);
				PRODUCT_BUNDLE_IDENTIFIER = "com.hoc.Search-Book";
				PRODUCT_NAME = "$(TARGET_NAME)";
				SWIFT_VERSION = 5.0;
				TARGETED_DEVICE_FAMILY = "1,2";
			};
			name = Release;
		};
/* End XCBuildConfiguration section */

/* Begin XCConfigurationList section */
		2E08412522D33EC600EA0BA8 /* Build configuration list for PBXProject "Search Book" */ = {
			isa = XCConfigurationList;
			buildConfigurations = (
				2E08413A22D33EC900EA0BA8 /* Debug */,
				2E08413B22D33EC900EA0BA8 /* Release */,
			);
			defaultConfigurationIsVisible = 0;
			defaultConfigurationName = Release;
		};
		2E08413C22D33EC900EA0BA8 /* Build configuration list for PBXNativeTarget "Search Book" */ = {
			isa = XCConfigurationList;
			buildConfigurations = (
				2E08413D22D33EC900EA0BA8 /* Debug */,
				2E08413E22D33EC900EA0BA8 /* Release */,
			);
			defaultConfigurationIsVisible = 0;
			defaultConfigurationName = Release;
		};
/* End XCConfigurationList section */
	};
	rootObject = 2E08412222D33EC600EA0BA8 /* Project object */;
}
