// !$*UTF8*$!
{
	archiveVersion = 1;
	classes = {
	};
	objectVersion = 50;
	objects = {

/* Begin PBXBuildFile section */
		2E08412E22D33EC700EA0BA8 /* AppDelegate.swift in Sources */ = {isa = PBXBuildFile; fileRef = 2E08412D22D33EC700EA0BA8 /* AppDelegate.swift */; };
		2E08413022D33EC700EA0BA8 /* HomeVC.swift in Sources */ = {isa = PBXBuildFile; fileRef = 2E08412F22D33EC700EA0BA8 /* HomeVC.swift */; };
		2E08413322D33EC700EA0BA8 /* Main.storyboard in Resources */ = {isa = PBXBuildFile; fileRef = 2E08413122D33EC700EA0BA8 /* Main.storyboard */; };
		2E08413522D33EC900EA0BA8 /* Assets.xcassets in Resources */ = {isa = PBXBuildFile; fileRef = 2E08413422D33EC900EA0BA8 /* Assets.xcassets */; };
		2E08413822D33EC900EA0BA8 /* LaunchScreen.storyboard in Resources */ = {isa = PBXBuildFile; fileRef = 2E08413622D33EC900EA0BA8 /* LaunchScreen.storyboard */; };
		2E08414122D3462B00EA0BA8 /* HomeVM.swift in Sources */ = {isa = PBXBuildFile; fileRef = 2E08414022D3462B00EA0BA8 /* HomeVM.swift */; };
		2E08414322D346F200EA0BA8 /* MviVM.swift in Sources */ = {isa = PBXBuildFile; fileRef = 2E08414222D346F200EA0BA8 /* MviVM.swift */; };
		2E21919D22D5C285008A8CC9 /* HomeContract.swift in Sources */ = {isa = PBXBuildFile; fileRef = 2E21919C22D5C285008A8CC9 /* HomeContract.swift */; };
		2E2191A022D5CAA0008A8CC9 /* Book.swift in Sources */ = {isa = PBXBuildFile; fileRef = 2E21919F22D5CAA0008A8CC9 /* Book.swift */; };
		2E2191A222D5CB0F008A8CC9 /* BookRepository.swift in Sources */ = {isa = PBXBuildFile; fileRef = 2E2191A122D5CB0F008A8CC9 /* BookRepository.swift */; };
		2E2191A622D5CBAD008A8CC9 /* BookResponse.swift in Sources */ = {isa = PBXBuildFile; fileRef = 2E2191A522D5CBAD008A8CC9 /* BookResponse.swift */; };
		2E2191A822D5CBBE008A8CC9 /* BookApi.swift in Sources */ = {isa = PBXBuildFile; fileRef = 2E2191A722D5CBBE008A8CC9 /* BookApi.swift */; };
		3262312D85734B391270A55A /* Pods_Search_Book.framework in Frameworks */ = {isa = PBXBuildFile; fileRef = CFE5A3C54BECF25F8812EF60 /* Pods_Search_Book.framework */; };
		4D8E632F91C827BFBD67FF43 /* BookRepositoryImpl.swift in Sources */ = {isa = PBXBuildFile; fileRef = 4D8E6E5D24463F0660D86982 /* BookRepositoryImpl.swift */; };
		4D8E6E7B40B2761DFFF077AB /* Mappers.swift in Sources */ = {isa = PBXBuildFile; fileRef = 4D8E612E7EB5DBE11FF36826 /* Mappers.swift */; };
		8F48B1FC231EAB9D007F7CF3 /* HomeInteractorImpl.swift in Sources */ = {isa = PBXBuildFile; fileRef = 8F48B1FB231EAB9D007F7CF3 /* HomeInteractorImpl.swift */; };
		8FFD6E912319A1B000869B08 /* CachePolicy.swift in Sources */ = {isa = PBXBuildFile; fileRef = 8FFD6E902319A1B000869B08 /* CachePolicy.swift */; };
/* End PBXBuildFile section */

/* Begin PBXFileReference section */
		2E08412A22D33EC700EA0BA8 /* Search Book.app */ = {isa = PBXFileReference; explicitFileType = wrapper.application; includeInIndex = 0; path = "Search Book.app"; sourceTree = BUILT_PRODUCTS_DIR; };
		2E08412D22D33EC700EA0BA8 /* AppDelegate.swift */ = {isa = PBXFileReference; lastKnownFileType = sourcecode.swift; path = AppDelegate.swift; sourceTree = "<group>"; };
		2E08412F22D33EC700EA0BA8 /* HomeVC.swift */ = {isa = PBXFileReference; lastKnownFileType = sourcecode.swift; path = HomeVC.swift; sourceTree = "<group>"; };
		2E08413222D33EC700EA0BA8 /* Base */ = {isa = PBXFileReference; lastKnownFileType = file.storyboard; name = Base; path = Base.lproj/Main.storyboard; sourceTree = "<group>"; };
		2E08413422D33EC900EA0BA8 /* Assets.xcassets */ = {isa = PBXFileReference; lastKnownFileType = folder.assetcatalog; path = Assets.xcassets; sourceTree = "<group>"; };
		2E08413722D33EC900EA0BA8 /* Base */ = {isa = PBXFileReference; lastKnownFileType = file.storyboard; name = Base; path = Base.lproj/LaunchScreen.storyboard; sourceTree = "<group>"; };
		2E08413922D33EC900EA0BA8 /* Info.plist */ = {isa = PBXFileReference; lastKnownFileType = text.plist.xml; path = Info.plist; sourceTree = "<group>"; };
		2E08414022D3462B00EA0BA8 /* HomeVM.swift */ = {isa = PBXFileReference; lastKnownFileType = sourcecode.swift; path = HomeVM.swift; sourceTree = "<group>"; };
		2E08414222D346F200EA0BA8 /* MviVM.swift */ = {isa = PBXFileReference; lastKnownFileType = sourcecode.swift; path = MviVM.swift; sourceTree = "<group>"; };
		2E21919C22D5C285008A8CC9 /* HomeContract.swift */ = {isa = PBXFileReference; lastKnownFileType = sourcecode.swift; path = HomeContract.swift; sourceTree = "<group>"; };
		2E21919F22D5CAA0008A8CC9 /* Book.swift */ = {isa = PBXFileReference; lastKnownFileType = sourcecode.swift; path = Book.swift; sourceTree = "<group>"; };
		2E2191A122D5CB0F008A8CC9 /* BookRepository.swift */ = {isa = PBXFileReference; lastKnownFileType = sourcecode.swift; path = BookRepository.swift; sourceTree = "<group>"; };
		2E2191A522D5CBAD008A8CC9 /* BookResponse.swift */ = {isa = PBXFileReference; lastKnownFileType = sourcecode.swift; path = BookResponse.swift; sourceTree = "<group>"; };
		2E2191A722D5CBBE008A8CC9 /* BookApi.swift */ = {isa = PBXFileReference; lastKnownFileType = sourcecode.swift; path = BookApi.swift; sourceTree = "<group>"; };
		4D8E612E7EB5DBE11FF36826 /* Mappers.swift */ = {isa = PBXFileReference; fileEncoding = 4; lastKnownFileType = sourcecode.swift; path = Mappers.swift; sourceTree = "<group>"; };
		4D8E6E5D24463F0660D86982 /* BookRepositoryImpl.swift */ = {isa = PBXFileReference; fileEncoding = 4; lastKnownFileType = sourcecode.swift; path = BookRepositoryImpl.swift; sourceTree = "<group>"; };
		8F48B1FB231EAB9D007F7CF3 /* HomeInteractorImpl.swift */ = {isa = PBXFileReference; lastKnownFileType = sourcecode.swift; path = HomeInteractorImpl.swift; sourceTree = "<group>"; };
		8FFD6E902319A1B000869B08 /* CachePolicy.swift */ = {isa = PBXFileReference; lastKnownFileType = sourcecode.swift; path = CachePolicy.swift; sourceTree = "<group>"; };
		A1A0CE2DD6D18B0771D8ACE6 /* Pods-Search Book.release.xcconfig */ = {isa = PBXFileReference; includeInIndex = 1; lastKnownFileType = text.xcconfig; name = "Pods-Search Book.release.xcconfig"; path = "Target Support Files/Pods-Search Book/Pods-Search Book.release.xcconfig"; sourceTree = "<group>"; };
		CFE5A3C54BECF25F8812EF60 /* Pods_Search_Book.framework */ = {isa = PBXFileReference; explicitFileType = wrapper.framework; includeInIndex = 0; path = Pods_Search_Book.framework; sourceTree = BUILT_PRODUCTS_DIR; };
		F523DF6E06302889FC5E8C12 /* Pods-Search Book.debug.xcconfig */ = {isa = PBXFileReference; includeInIndex = 1; lastKnownFileType = text.xcconfig; name = "Pods-Search Book.debug.xcconfig"; path = "Target Support Files/Pods-Search Book/Pods-Search Book.debug.xcconfig"; sourceTree = "<group>"; };
/* End PBXFileReference section */

/* Begin PBXFrameworksBuildPhase section */
		2E08412722D33EC700EA0BA8 /* Frameworks */ = {
			isa = PBXFrameworksBuildPhase;
			buildActionMask = 2147483647;
			files = (
				3262312D85734B391270A55A /* Pods_Search_Book.framework in Frameworks */,
			);
			runOnlyForDeploymentPostprocessing = 0;
		};
/* End PBXFrameworksBuildPhase section */

/* Begin PBXGroup section */
		2E08412122D33EC600EA0BA8 = {
			isa = PBXGroup;
			children = (
				2E08412C22D33EC700EA0BA8 /* Search Book */,
				2E08412B22D33EC700EA0BA8 /* Products */,
				AFAA617D5E66F9C422B7D4A6 /* Pods */,
				4910E6BBA931661A311D3E1F /* Frameworks */,
			);
			sourceTree = "<group>";
		};
		2E08412B22D33EC700EA0BA8 /* Products */ = {
			isa = PBXGroup;
			children = (
				2E08412A22D33EC700EA0BA8 /* Search Book.app */,
			);
			name = Products;
			sourceTree = "<group>";
		};
		2E08412C22D33EC700EA0BA8 /* Search Book */ = {
			isa = PBXGroup;
			children = (
				8FFD6E8F2319958F00869B08 /* Base */,
				2E2191A322D5CB92008A8CC9 /* Data */,
				2E21919E22D5C82E008A8CC9 /* Domain */,
				2E08413F22D3452C00EA0BA8 /* Home */,
				2E08412D22D33EC700EA0BA8 /* AppDelegate.swift */,
				2E08413122D33EC700EA0BA8 /* Main.storyboard */,
				2E08413422D33EC900EA0BA8 /* Assets.xcassets */,
				2E08413622D33EC900EA0BA8 /* LaunchScreen.storyboard */,
				2E08413922D33EC900EA0BA8 /* Info.plist */,
			);
			path = "Search Book";
			sourceTree = "<group>";
		};
		2E08413F22D3452C00EA0BA8 /* Home */ = {
			isa = PBXGroup;
			children = (
				2E08412F22D33EC700EA0BA8 /* HomeVC.swift */,
				2E08414022D3462B00EA0BA8 /* HomeVM.swift */,
				2E21919C22D5C285008A8CC9 /* HomeContract.swift */,
				8F48B1FB231EAB9D007F7CF3 /* HomeInteractorImpl.swift */,
			);
			path = Home;
			sourceTree = "<group>";
		};
		2E21919E22D5C82E008A8CC9 /* Domain */ = {
			isa = PBXGroup;
			children = (
				2E21919F22D5CAA0008A8CC9 /* Book.swift */,
				2E2191A122D5CB0F008A8CC9 /* BookRepository.swift */,
				8FFD6E902319A1B000869B08 /* CachePolicy.swift */,
			);
			path = Domain;
			sourceTree = "<group>";
		};
		2E2191A322D5CB92008A8CC9 /* Data */ = {
			isa = PBXGroup;
			children = (
				2E2191A422D5CB9A008A8CC9 /* Remote */,
				4D8E6E5D24463F0660D86982 /* BookRepositoryImpl.swift */,
				4D8E612E7EB5DBE11FF36826 /* Mappers.swift */,
			);
			path = Data;
			sourceTree = "<group>";
		};
		2E2191A422D5CB9A008A8CC9 /* Remote */ = {
			isa = PBXGroup;
			children = (
				2E2191A522D5CBAD008A8CC9 /* BookResponse.swift */,
				2E2191A722D5CBBE008A8CC9 /* BookApi.swift */,
			);
			path = Remote;
			sourceTree = "<group>";
		};
		4910E6BBA931661A311D3E1F /* Frameworks */ = {
			isa = PBXGroup;
			children = (
				CFE5A3C54BECF25F8812EF60 /* Pods_Search_Book.framework */,
			);
			name = Frameworks;
			sourceTree = "<group>";
		};
		8FFD6E8F2319958F00869B08 /* Base */ = {
			isa = PBXGroup;
			children = (
				2E08414222D346F200EA0BA8 /* MviVM.swift */,
			);
			path = Base;
			sourceTree = "<group>";
		};
		AFAA617D5E66F9C422B7D4A6 /* Pods */ = {
			isa = PBXGroup;
			children = (
				F523DF6E06302889FC5E8C12 /* Pods-Search Book.debug.xcconfig */,
				A1A0CE2DD6D18B0771D8ACE6 /* Pods-Search Book.release.xcconfig */,
			);
			path = Pods;
			sourceTree = "<group>";
		};
/* End PBXGroup section */

/* Begin PBXNativeTarget section */
		2E08412922D33EC700EA0BA8 /* Search Book */ = {
			isa = PBXNativeTarget;
			buildConfigurationList = 2E08413C22D33EC900EA0BA8 /* Build configuration list for PBXNativeTarget "Search Book" */;
			buildPhases = (
				8777E48AB2B126EBD9DFE745 /* [CP] Check Pods Manifest.lock */,
				2E08412622D33EC700EA0BA8 /* Sources */,
				2E08412722D33EC700EA0BA8 /* Frameworks */,
				2E08412822D33EC700EA0BA8 /* Resources */,
				D76DF7B5D117443D4C732E55 /* [CP] Embed Pods Frameworks */,
			);
			buildRules = (
			);
			dependencies = (
			);
			name = "Search Book";
			productName = "Search Book";
			productReference = 2E08412A22D33EC700EA0BA8 /* Search Book.app */;
			productType = "com.apple.product-type.application";
		};
/* End PBXNativeTarget section */

/* Begin PBXProject section */
		2E08412222D33EC600EA0BA8 /* Project object */ = {
			isa = PBXProject;
			attributes = {
				LastSwiftUpdateCheck = 1000;
				LastUpgradeCheck = 1000;
				ORGANIZATIONNAME = "Petrus Nguyễn Thái Học";
				TargetAttributes = {
					2E08412922D33EC700EA0BA8 = {
						CreatedOnToolsVersion = 10.0;
					};
				};
			};
			buildConfigurationList = 2E08412522D33EC600EA0BA8 /* Build configuration list for PBXProject "Search Book" */;
			compatibilityVersion = "Xcode 9.3";
			developmentRegion = en;
			hasScannedForEncodings = 0;
			knownRegions = (
				en,
				Base,
			);
			mainGroup = 2E08412122D33EC600EA0BA8;
			productRefGroup = 2E08412B22D33EC700EA0BA8 /* Products */;
			projectDirPath = "";
			projectRoot = "";
			targets = (
				2E08412922D33EC700EA0BA8 /* Search Book */,
			);
		};
/* End PBXProject section */

/* Begin PBXResourcesBuildPhase section */
		2E08412822D33EC700EA0BA8 /* Resources */ = {
			isa = PBXResourcesBuildPhase;
			buildActionMask = 2147483647;
			files = (
				2E08413822D33EC900EA0BA8 /* LaunchScreen.storyboard in Resources */,
				2E08413522D33EC900EA0BA8 /* Assets.xcassets in Resources */,
				2E08413322D33EC700EA0BA8 /* Main.storyboard in Resources */,
			);
			runOnlyForDeploymentPostprocessing = 0;
		};
/* End PBXResourcesBuildPhase section */

/* Begin PBXShellScriptBuildPhase section */
		8777E48AB2B126EBD9DFE745 /* [CP] Check Pods Manifest.lock */ = {
			isa = PBXShellScriptBuildPhase;
			buildActionMask = 2147483647;
			files = (
			);
			inputFileListPaths = (
			);
			inputPaths = (
				"${PODS_PODFILE_DIR_PATH}/Podfile.lock",
				"${PODS_ROOT}/Manifest.lock",
			);
			name = "[CP] Check Pods Manifest.lock";
			outputFileListPaths = (
			);
			outputPaths = (
				"$(DERIVED_FILE_DIR)/Pods-Search Book-checkManifestLockResult.txt",
			);
			runOnlyForDeploymentPostprocessing = 0;
			shellPath = /bin/sh;
			shellScript = "diff \"${PODS_PODFILE_DIR_PATH}/Podfile.lock\" \"${PODS_ROOT}/Manifest.lock\" > /dev/null\nif [ $? != 0 ] ; then\n    # print error to STDERR\n    echo \"error: The sandbox is not in sync with the Podfile.lock. Run 'pod install' or update your CocoaPods installation.\" >&2\n    exit 1\nfi\n# This output is used by Xcode 'outputs' to avoid re-running this script phase.\necho \"SUCCESS\" > \"${SCRIPT_OUTPUT_FILE_0}\"\n";
			showEnvVarsInLog = 0;
		};
		D76DF7B5D117443D4C732E55 /* [CP] Embed Pods Frameworks */ = {
			isa = PBXShellScriptBuildPhase;
			buildActionMask = 2147483647;
			files = (
			);
			inputFileListPaths = (
			);
			inputPaths = (
				"${PODS_ROOT}/Target Support Files/Pods-Search Book/Pods-Search Book-frameworks.sh",
				"${BUILT_PRODUCTS_DIR}/Alamofire/Alamofire.framework",
				"${BUILT_PRODUCTS_DIR}/Kingfisher/Kingfisher.framework",
				"${BUILT_PRODUCTS_DIR}/RxAlamofire/RxAlamofire.framework",
				"${BUILT_PRODUCTS_DIR}/RxCocoa/RxCocoa.framework",
				"${BUILT_PRODUCTS_DIR}/RxSwift/RxSwift.framework",
				"${BUILT_PRODUCTS_DIR}/RxSwiftExt/RxSwiftExt.framework",
			);
			name = "[CP] Embed Pods Frameworks";
			outputFileListPaths = (
			);
			outputPaths = (
				"${TARGET_BUILD_DIR}/${FRAMEWORKS_FOLDER_PATH}/Alamofire.framework",
				"${TARGET_BUILD_DIR}/${FRAMEWORKS_FOLDER_PATH}/Kingfisher.framework",
				"${TARGET_BUILD_DIR}/${FRAMEWORKS_FOLDER_PATH}/RxAlamofire.framework",
				"${TARGET_BUILD_DIR}/${FRAMEWORKS_FOLDER_PATH}/RxCocoa.framework",
				"${TARGET_BUILD_DIR}/${FRAMEWORKS_FOLDER_PATH}/RxSwift.framework",
				"${TARGET_BUILD_DIR}/${FRAMEWORKS_FOLDER_PATH}/RxSwiftExt.framework",
			);
			runOnlyForDeploymentPostprocessing = 0;
			shellPath = /bin/sh;
			shellScript = "\"${PODS_ROOT}/Target Support Files/Pods-Search Book/Pods-Search Book-frameworks.sh\"\n";
			showEnvVarsInLog = 0;
		};
/* End PBXShellScriptBuildPhase section */

/* Begin PBXSourcesBuildPhase section */
		2E08412622D33EC700EA0BA8 /* Sources */ = {
			isa = PBXSourcesBuildPhase;
			buildActionMask = 2147483647;
			files = (
				2E08414122D3462B00EA0BA8 /* HomeVM.swift in Sources */,
				2E08414322D346F200EA0BA8 /* MviVM.swift in Sources */,
				2E2191A022D5CAA0008A8CC9 /* Book.swift in Sources */,
				2E21919D22D5C285008A8CC9 /* HomeContract.swift in Sources */,
				2E08413022D33EC700EA0BA8 /* HomeVC.swift in Sources */,
				2E2191A222D5CB0F008A8CC9 /* BookRepository.swift in Sources */,
				2E08412E22D33EC700EA0BA8 /* AppDelegate.swift in Sources */,
				2E2191A622D5CBAD008A8CC9 /* BookResponse.swift in Sources */,
				8FFD6E912319A1B000869B08 /* CachePolicy.swift in Sources */,
				2E2191A822D5CBBE008A8CC9 /* BookApi.swift in Sources */,
				8F48B1FC231EAB9D007F7CF3 /* HomeInteractorImpl.swift in Sources */,
				4D8E632F91C827BFBD67FF43 /* BookRepositoryImpl.swift in Sources */,
				4D8E6E7B40B2761DFFF077AB /* Mappers.swift in Sources */,
			);
			runOnlyForDeploymentPostprocessing = 0;
		};
/* End PBXSourcesBuildPhase section */

/* Begin PBXVariantGroup section */
		2E08413122D33EC700EA0BA8 /* Main.storyboard */ = {
			isa = PBXVariantGroup;
			children = (
				2E08413222D33EC700EA0BA8 /* Base */,
			);
			name = Main.storyboard;
			sourceTree = "<group>";
		};
		2E08413622D33EC900EA0BA8 /* LaunchScreen.storyboard */ = {
			isa = PBXVariantGroup;
			children = (
				2E08413722D33EC900EA0BA8 /* Base */,
			);
			name = LaunchScreen.storyboard;
			sourceTree = "<group>";
		};
/* End PBXVariantGroup section */

/* Begin XCBuildConfiguration section */
		2E08413A22D33EC900EA0BA8 /* Debug */ = {
			isa = XCBuildConfiguration;
			buildSettings = {
				ALWAYS_SEARCH_USER_PATHS = NO;
				CLANG_ANALYZER_NONNULL = YES;
				CLANG_ANALYZER_NUMBER_OBJECT_CONVERSION = YES_AGGRESSIVE;
				CLANG_CXX_LANGUAGE_STANDARD = "gnu++14";
				CLANG_CXX_LIBRARY = "libc++";
				CLANG_ENABLE_MODULES = YES;
				CLANG_ENABLE_OBJC_ARC = YES;
				CLANG_ENABLE_OBJC_WEAK = YES;
				CLANG_WARN_BLOCK_CAPTURE_AUTORELEASING = YES;
				CLANG_WARN_BOOL_CONVERSION = YES;
				CLANG_WARN_COMMA = YES;
				CLANG_WARN_CONSTANT_CONVERSION = YES;
				CLANG_WARN_DEPRECATED_OBJC_IMPLEMENTATIONS = YES;
				CLANG_WARN_DIRECT_OBJC_ISA_USAGE = YES_ERROR;
				CLANG_WARN_DOCUMENTATION_COMMENTS = YES;
				CLANG_WARN_EMPTY_BODY = YES;
				CLANG_WARN_ENUM_CONVERSION = YES;
				CLANG_WARN_INFINITE_RECURSION = YES;
				CLANG_WARN_INT_CONVERSION = YES;
				CLANG_WARN_NON_LITERAL_NULL_CONVERSION = YES;
				CLANG_WARN_OBJC_IMPLICIT_RETAIN_SELF = YES;
				CLANG_WARN_OBJC_LITERAL_CONVERSION = YES;
				CLANG_WARN_OBJC_ROOT_CLASS = YES_ERROR;
				CLANG_WARN_RANGE_LOOP_ANALYSIS = YES;
				CLANG_WARN_STRICT_PROTOTYPES = YES;
				CLANG_WARN_SUSPICIOUS_MOVE = YES;
				CLANG_WARN_UNGUARDED_AVAILABILITY = YES_AGGRESSIVE;
				CLANG_WARN_UNREACHABLE_CODE = YES;
				CLANG_WARN__DUPLICATE_METHOD_MATCH = YES;
				CODE_SIGN_IDENTITY = "iPhone Developer";
				COPY_PHASE_STRIP = NO;
				DEBUG_INFORMATION_FORMAT = dwarf;
				ENABLE_STRICT_OBJC_MSGSEND = YES;
				ENABLE_TESTABILITY = YES;
				GCC_C_LANGUAGE_STANDARD = gnu11;
				GCC_DYNAMIC_NO_PIC = NO;
				GCC_NO_COMMON_BLOCKS = YES;
				GCC_OPTIMIZATION_LEVEL = 0;
				GCC_PREPROCESSOR_DEFINITIONS = (
					"DEBUG=1",
					"$(inherited)",
				);
				GCC_WARN_64_TO_32_BIT_CONVERSION = YES;
				GCC_WARN_ABOUT_RETURN_TYPE = YES_ERROR;
				GCC_WARN_UNDECLARED_SELECTOR = YES;
				GCC_WARN_UNINITIALIZED_AUTOS = YES_AGGRESSIVE;
				GCC_WARN_UNUSED_FUNCTION = YES;
				GCC_WARN_UNUSED_VARIABLE = YES;
				IPHONEOS_DEPLOYMENT_TARGET = 12.0;
				MTL_ENABLE_DEBUG_INFO = INCLUDE_SOURCE;
				MTL_FAST_MATH = YES;
				ONLY_ACTIVE_ARCH = YES;
				SDKROOT = iphoneos;
				SWIFT_ACTIVE_COMPILATION_CONDITIONS = DEBUG;
				SWIFT_OPTIMIZATION_LEVEL = "-Onone";
			};
			name = Debug;
		};
		2E08413B22D33EC900EA0BA8 /* Release */ = {
			isa = XCBuildConfiguration;
			buildSettings = {
				ALWAYS_SEARCH_USER_PATHS = NO;
				CLANG_ANALYZER_NONNULL = YES;
				CLANG_ANALYZER_NUMBER_OBJECT_CONVERSION = YES_AGGRESSIVE;
				CLANG_CXX_LANGUAGE_STANDARD = "gnu++14";
				CLANG_CXX_LIBRARY = "libc++";
				CLANG_ENABLE_MODULES = YES;
				CLANG_ENABLE_OBJC_ARC = YES;
				CLANG_ENABLE_OBJC_WEAK = YES;
				CLANG_WARN_BLOCK_CAPTURE_AUTORELEASING = YES;
				CLANG_WARN_BOOL_CONVERSION = YES;
				CLANG_WARN_COMMA = YES;
				CLANG_WARN_CONSTANT_CONVERSION = YES;
				CLANG_WARN_DEPRECATED_OBJC_IMPLEMENTATIONS = YES;
				CLANG_WARN_DIRECT_OBJC_ISA_USAGE = YES_ERROR;
				CLANG_WARN_DOCUMENTATION_COMMENTS = YES;
				CLANG_WARN_EMPTY_BODY = YES;
				CLANG_WARN_ENUM_CONVERSION = YES;
				CLANG_WARN_INFINITE_RECURSION = YES;
				CLANG_WARN_INT_CONVERSION = YES;
				CLANG_WARN_NON_LITERAL_NULL_CONVERSION = YES;
				CLANG_WARN_OBJC_IMPLICIT_RETAIN_SELF = YES;
				CLANG_WARN_OBJC_LITERAL_CONVERSION = YES;
				CLANG_WARN_OBJC_ROOT_CLASS = YES_ERROR;
				CLANG_WARN_RANGE_LOOP_ANALYSIS = YES;
				CLANG_WARN_STRICT_PROTOTYPES = YES;
				CLANG_WARN_SUSPICIOUS_MOVE = YES;
				CLANG_WARN_UNGUARDED_AVAILABILITY = YES_AGGRESSIVE;
				CLANG_WARN_UNREACHABLE_CODE = YES;
				CLANG_WARN__DUPLICATE_METHOD_MATCH = YES;
				CODE_SIGN_IDENTITY = "iPhone Developer";
				COPY_PHASE_STRIP = NO;
				DEBUG_INFORMATION_FORMAT = "dwarf-with-dsym";
				ENABLE_NS_ASSERTIONS = NO;
				ENABLE_STRICT_OBJC_MSGSEND = YES;
				GCC_C_LANGUAGE_STANDARD = gnu11;
				GCC_NO_COMMON_BLOCKS = YES;
				GCC_WARN_64_TO_32_BIT_CONVERSION = YES;
				GCC_WARN_ABOUT_RETURN_TYPE = YES_ERROR;
				GCC_WARN_UNDECLARED_SELECTOR = YES;
				GCC_WARN_UNINITIALIZED_AUTOS = YES_AGGRESSIVE;
				GCC_WARN_UNUSED_FUNCTION = YES;
				GCC_WARN_UNUSED_VARIABLE = YES;
				IPHONEOS_DEPLOYMENT_TARGET = 12.0;
				MTL_ENABLE_DEBUG_INFO = NO;
				MTL_FAST_MATH = YES;
				SDKROOT = iphoneos;
				SWIFT_COMPILATION_MODE = wholemodule;
				SWIFT_OPTIMIZATION_LEVEL = "-O";
				VALIDATE_PRODUCT = YES;
			};
			name = Release;
		};
		2E08413D22D33EC900EA0BA8 /* Debug */ = {
			isa = XCBuildConfiguration;
			baseConfigurationReference = F523DF6E06302889FC5E8C12 /* Pods-Search Book.debug.xcconfig */;
			buildSettings = {
				ASSETCATALOG_COMPILER_APPICON_NAME = AppIcon;
				CODE_SIGN_STYLE = Automatic;
				INFOPLIST_FILE = "Search Book/Info.plist";
				LD_RUNPATH_SEARCH_PATHS = (
					"$(inherited)",
					"@executable_path/Frameworks",
				);
				PRODUCT_BUNDLE_IDENTIFIER = "com.hoc.Search-Book";
				PRODUCT_NAME = "$(TARGET_NAME)";
				SWIFT_VERSION = 5.0;
				TARGETED_DEVICE_FAMILY = "1,2";
			};
			name = Debug;
		};
		2E08413E22D33EC900EA0BA8 /* Release */ = {
			isa = XCBuildConfiguration;
			baseConfigurationReference = A1A0CE2DD6D18B0771D8ACE6 /* Pods-Search Book.release.xcconfig */;
			buildSettings = {
				ASSETCATALOG_COMPILER_APPICON_NAME = AppIcon;
				CODE_SIGN_STYLE = Automatic;
				INFOPLIST_FILE = "Search Book/Info.plist";
				LD_RUNPATH_SEARCH_PATHS = (
					"$(inherited)",
					"@executable_path/Frameworks",
				);
				PRODUCT_BUNDLE_IDENTIFIER = "com.hoc.Search-Book";
				PRODUCT_NAME = "$(TARGET_NAME)";
				SWIFT_VERSION = 5.0;
				TARGETED_DEVICE_FAMILY = "1,2";
			};
			name = Release;
		};
/* End XCBuildConfiguration section */

/* Begin XCConfigurationList section */
		2E08412522D33EC600EA0BA8 /* Build configuration list for PBXProject "Search Book" */ = {
			isa = XCConfigurationList;
			buildConfigurations = (
				2E08413A22D33EC900EA0BA8 /* Debug */,
				2E08413B22D33EC900EA0BA8 /* Release */,
			);
			defaultConfigurationIsVisible = 0;
			defaultConfigurationName = Release;
		};
		2E08413C22D33EC900EA0BA8 /* Build configuration list for PBXNativeTarget "Search Book" */ = {
			isa = XCConfigurationList;
			buildConfigurations = (
				2E08413D22D33EC900EA0BA8 /* Debug */,
				2E08413E22D33EC900EA0BA8 /* Release */,
			);
			defaultConfigurationIsVisible = 0;
			defaultConfigurationName = Release;
		};
/* End XCConfigurationList section */
	};
	rootObject = 2E08412222D33EC600EA0BA8 /* Project object */;
}
